// !$*UTF8*$!
{
	archiveVersion = 1;
	classes = {
	};
	objectVersion = 50;
	objects = {

/* Begin PBXBuildFile section */
		3A9605CA24C9FFD0003461E2 /* AppDelegate.swift in Sources */ = {isa = PBXBuildFile; fileRef = 3A9605C924C9FFD0003461E2 /* AppDelegate.swift */; };
		3A9605CC24C9FFD0003461E2 /* SceneDelegate.swift in Sources */ = {isa = PBXBuildFile; fileRef = 3A9605CB24C9FFD0003461E2 /* SceneDelegate.swift */; };
		3A9605CE24C9FFD0003461E2 /* ColorCustomView.swift in Sources */ = {isa = PBXBuildFile; fileRef = 3A9605CD24C9FFD0003461E2 /* ColorCustomView.swift */; };
		3A9605D024C9FFD1003461E2 /* Assets.xcassets in Resources */ = {isa = PBXBuildFile; fileRef = 3A9605CF24C9FFD1003461E2 /* Assets.xcassets */; };
		3A9605D324C9FFD1003461E2 /* Preview Assets.xcassets in Resources */ = {isa = PBXBuildFile; fileRef = 3A9605D224C9FFD1003461E2 /* Preview Assets.xcassets */; };
		3A9605D624C9FFD1003461E2 /* LaunchScreen.storyboard in Resources */ = {isa = PBXBuildFile; fileRef = 3A9605D424C9FFD1003461E2 /* LaunchScreen.storyboard */; };
		3AF92C2F24CA030E00579EF6 /* ColorView.swift in Sources */ = {isa = PBXBuildFile; fileRef = 3AF92C2E24CA030E00579EF6 /* ColorView.swift */; };
		3AF92C3124CA051000579EF6 /* ColorSetting.swift in Sources */ = {isa = PBXBuildFile; fileRef = 3AF92C3024CA051000579EF6 /* ColorSetting.swift */; };
/* End PBXBuildFile section */

/* Begin PBXFileReference section */
		3A9605C624C9FFD0003461E2 /* CustomColorView.app */ = {isa = PBXFileReference; explicitFileType = wrapper.application; includeInIndex = 0; path = CustomColorView.app; sourceTree = BUILT_PRODUCTS_DIR; };
		3A9605C924C9FFD0003461E2 /* AppDelegate.swift */ = {isa = PBXFileReference; lastKnownFileType = sourcecode.swift; path = AppDelegate.swift; sourceTree = "<group>"; };
		3A9605CB24C9FFD0003461E2 /* SceneDelegate.swift */ = {isa = PBXFileReference; lastKnownFileType = sourcecode.swift; path = SceneDelegate.swift; sourceTree = "<group>"; };
		3A9605CD24C9FFD0003461E2 /* ColorCustomView.swift */ = {isa = PBXFileReference; lastKnownFileType = sourcecode.swift; path = ColorCustomView.swift; sourceTree = "<group>"; };
		3A9605CF24C9FFD1003461E2 /* Assets.xcassets */ = {isa = PBXFileReference; lastKnownFileType = folder.assetcatalog; path = Assets.xcassets; sourceTree = "<group>"; };
		3A9605D224C9FFD1003461E2 /* Preview Assets.xcassets */ = {isa = PBXFileReference; lastKnownFileType = folder.assetcatalog; path = "Preview Assets.xcassets"; sourceTree = "<group>"; };
		3A9605D524C9FFD1003461E2 /* Base */ = {isa = PBXFileReference; lastKnownFileType = file.storyboard; name = Base; path = Base.lproj/LaunchScreen.storyboard; sourceTree = "<group>"; };
		3A9605D724C9FFD1003461E2 /* Info.plist */ = {isa = PBXFileReference; lastKnownFileType = text.plist.xml; path = Info.plist; sourceTree = "<group>"; };
		3AF92C2E24CA030E00579EF6 /* ColorView.swift */ = {isa = PBXFileReference; lastKnownFileType = sourcecode.swift; path = ColorView.swift; sourceTree = "<group>"; };
		3AF92C3024CA051000579EF6 /* ColorSetting.swift */ = {isa = PBXFileReference; lastKnownFileType = sourcecode.swift; path = ColorSetting.swift; sourceTree = "<group>"; };
/* End PBXFileReference section */

/* Begin PBXFrameworksBuildPhase section */
		3A9605C324C9FFD0003461E2 /* Frameworks */ = {
			isa = PBXFrameworksBuildPhase;
			buildActionMask = 2147483647;
			files = (
			);
			runOnlyForDeploymentPostprocessing = 0;
		};
/* End PBXFrameworksBuildPhase section */

/* Begin PBXGroup section */
		3A9605BD24C9FFD0003461E2 = {
			isa = PBXGroup;
			children = (
				3A9605C824C9FFD0003461E2 /* CustomColorView */,
				3A9605C724C9FFD0003461E2 /* Products */,
			);
			sourceTree = "<group>";
		};
		3A9605C724C9FFD0003461E2 /* Products */ = {
			isa = PBXGroup;
			children = (
				3A9605C624C9FFD0003461E2 /* CustomColorView.app */,
			);
			name = Products;
			sourceTree = "<group>";
		};
		3A9605C824C9FFD0003461E2 /* CustomColorView */ = {
			isa = PBXGroup;
			children = (
				3A9605C924C9FFD0003461E2 /* AppDelegate.swift */,
				3A9605CB24C9FFD0003461E2 /* SceneDelegate.swift */,
				3A9605CD24C9FFD0003461E2 /* ColorCustomView.swift */,
				3AF92C2E24CA030E00579EF6 /* ColorView.swift */,
				3AF92C3024CA051000579EF6 /* ColorSetting.swift */,
				3A9605CF24C9FFD1003461E2 /* Assets.xcassets */,
				3A9605D424C9FFD1003461E2 /* LaunchScreen.storyboard */,
				3A9605D724C9FFD1003461E2 /* Info.plist */,
				3A9605D124C9FFD1003461E2 /* Preview Content */,
			);
			path = CustomColorView;
			sourceTree = "<group>";
		};
		3A9605D124C9FFD1003461E2 /* Preview Content */ = {
			isa = PBXGroup;
			children = (
				3A9605D224C9FFD1003461E2 /* Preview Assets.xcassets */,
			);
			path = "Preview Content";
			sourceTree = "<group>";
		};
/* End PBXGroup section */

/* Begin PBXNativeTarget section */
		3A9605C524C9FFD0003461E2 /* CustomColorView */ = {
			isa = PBXNativeTarget;
			buildConfigurationList = 3A9605DA24C9FFD1003461E2 /* Build configuration list for PBXNativeTarget "CustomColorView" */;
			buildPhases = (
				3A9605C224C9FFD0003461E2 /* Sources */,
				3A9605C324C9FFD0003461E2 /* Frameworks */,
				3A9605C424C9FFD0003461E2 /* Resources */,
			);
			buildRules = (
			);
			dependencies = (
			);
			name = CustomColorView;
			productName = CustomColorView;
			productReference = 3A9605C624C9FFD0003461E2 /* CustomColorView.app */;
			productType = "com.apple.product-type.application";
		};
/* End PBXNativeTarget section */

/* Begin PBXProject section */
		3A9605BE24C9FFD0003461E2 /* Project object */ = {
			isa = PBXProject;
			attributes = {
				LastSwiftUpdateCheck = 1160;
				LastUpgradeCheck = 1160;
				ORGANIZATIONNAME = Anton;
				TargetAttributes = {
					3A9605C524C9FFD0003461E2 = {
						CreatedOnToolsVersion = 11.6;
					};
				};
			};
			buildConfigurationList = 3A9605C124C9FFD0003461E2 /* Build configuration list for PBXProject "CustomColorView" */;
			compatibilityVersion = "Xcode 9.3";
			developmentRegion = en;
			hasScannedForEncodings = 0;
			knownRegions = (
				en,
				Base,
			);
			mainGroup = 3A9605BD24C9FFD0003461E2;
			productRefGroup = 3A9605C724C9FFD0003461E2 /* Products */;
			projectDirPath = "";
			projectRoot = "";
			targets = (
				3A9605C524C9FFD0003461E2 /* CustomColorView */,
			);
		};
/* End PBXProject section */

/* Begin PBXResourcesBuildPhase section */
		3A9605C424C9FFD0003461E2 /* Resources */ = {
			isa = PBXResourcesBuildPhase;
			buildActionMask = 2147483647;
			files = (
				3A9605D624C9FFD1003461E2 /* LaunchScreen.storyboard in Resources */,
				3A9605D324C9FFD1003461E2 /* Preview Assets.xcassets in Resources */,
				3A9605D024C9FFD1003461E2 /* Assets.xcassets in Resources */,
			);
			runOnlyForDeploymentPostprocessing = 0;
		};
/* End PBXResourcesBuildPhase section */

/* Begin PBXSourcesBuildPhase section */
		3A9605C224C9FFD0003461E2 /* Sources */ = {
			isa = PBXSourcesBuildPhase;
			buildActionMask = 2147483647;
			files = (
				3AF92C2F24CA030E00579EF6 /* ColorView.swift in Sources */,
				3AF92C3124CA051000579EF6 /* ColorSetting.swift in Sources */,
				3A9605CA24C9FFD0003461E2 /* AppDelegate.swift in Sources */,
				3A9605CC24C9FFD0003461E2 /* SceneDelegate.swift in Sources */,
				3A9605CE24C9FFD0003461E2 /* ColorCustomView.swift in Sources */,
			);
			runOnlyForDeploymentPostprocessing = 0;
		};
/* End PBXSourcesBuildPhase section */

/* Begin PBXVariantGroup section */
		3A9605D424C9FFD1003461E2 /* LaunchScreen.storyboard */ = {
			isa = PBXVariantGroup;
			children = (
				3A9605D524C9FFD1003461E2 /* Base */,
			);
			name = LaunchScreen.storyboard;
			sourceTree = "<group>";
		};
/* End PBXVariantGroup section */

/* Begin XCBuildConfiguration section */
		3A9605D824C9FFD1003461E2 /* Debug */ = {
			isa = XCBuildConfiguration;
			buildSettings = {
				ALWAYS_SEARCH_USER_PATHS = NO;
				CLANG_ANALYZER_NONNULL = YES;
				CLANG_ANALYZER_NUMBER_OBJECT_CONVERSION = YES_AGGRESSIVE;
				CLANG_CXX_LANGUAGE_STANDARD = "gnu++14";
				CLANG_CXX_LIBRARY = "libc++";
				CLANG_ENABLE_MODULES = YES;
				CLANG_ENABLE_OBJC_ARC = YES;
				CLANG_ENABLE_OBJC_WEAK = YES;
				CLANG_WARN_BLOCK_CAPTURE_AUTORELEASING = YES;
				CLANG_WARN_BOOL_CONVERSION = YES;
				CLANG_WARN_COMMA = YES;
				CLANG_WARN_CONSTANT_CONVERSION = YES;
				CLANG_WARN_DEPRECATED_OBJC_IMPLEMENTATIONS = YES;
				CLANG_WARN_DIRECT_OBJC_ISA_USAGE = YES_ERROR;
				CLANG_WARN_DOCUMENTATION_COMMENTS = YES;
				CLANG_WARN_EMPTY_BODY = YES;
				CLANG_WARN_ENUM_CONVERSION = YES;
				CLANG_WARN_INFINITE_RECURSION = YES;
				CLANG_WARN_INT_CONVERSION = YES;
				CLANG_WARN_NON_LITERAL_NULL_CONVERSION = YES;
				CLANG_WARN_OBJC_IMPLICIT_RETAIN_SELF = YES;
				CLANG_WARN_OBJC_LITERAL_CONVERSION = YES;
				CLANG_WARN_OBJC_ROOT_CLASS = YES_ERROR;
				CLANG_WARN_RANGE_LOOP_ANALYSIS = YES;
				CLANG_WARN_STRICT_PROTOTYPES = YES;
				CLANG_WARN_SUSPICIOUS_MOVE = YES;
				CLANG_WARN_UNGUARDED_AVAILABILITY = YES_AGGRESSIVE;
				CLANG_WARN_UNREACHABLE_CODE = YES;
				CLANG_WARN__DUPLICATE_METHOD_MATCH = YES;
				COPY_PHASE_STRIP = NO;
				DEBUG_INFORMATION_FORMAT = dwarf;
				ENABLE_STRICT_OBJC_MSGSEND = YES;
				ENABLE_TESTABILITY = YES;
				GCC_C_LANGUAGE_STANDARD = gnu11;
				GCC_DYNAMIC_NO_PIC = NO;
				GCC_NO_COMMON_BLOCKS = YES;
				GCC_OPTIMIZATION_LEVEL = 0;
				GCC_PREPROCESSOR_DEFINITIONS = (
					"DEBUG=1",
					"$(inherited)",
				);
				GCC_WARN_64_TO_32_BIT_CONVERSION = YES;
				GCC_WARN_ABOUT_RETURN_TYPE = YES_ERROR;
				GCC_WARN_UNDECLARED_SELECTOR = YES;
				GCC_WARN_UNINITIALIZED_AUTOS = YES_AGGRESSIVE;
				GCC_WARN_UNUSED_FUNCTION = YES;
				GCC_WARN_UNUSED_VARIABLE = YES;
				IPHONEOS_DEPLOYMENT_TARGET = 13.6;
				MTL_ENABLE_DEBUG_INFO = INCLUDE_SOURCE;
				MTL_FAST_MATH = YES;
				ONLY_ACTIVE_ARCH = YES;
				SDKROOT = iphoneos;
				SWIFT_ACTIVE_COMPILATION_CONDITIONS = DEBUG;
				SWIFT_OPTIMIZATION_LEVEL = "-Onone";
			};
			name = Debug;
		};
		3A9605D924C9FFD1003461E2 /* Release */ = {
			isa = XCBuildConfiguration;
			buildSettings = {
				ALWAYS_SEARCH_USER_PATHS = NO;
				CLANG_ANALYZER_NONNULL = YES;
				CLANG_ANALYZER_NUMBER_OBJECT_CONVERSION = YES_AGGRESSIVE;
				CLANG_CXX_LANGUAGE_STANDARD = "gnu++14";
				CLANG_CXX_LIBRARY = "libc++";
				CLANG_ENABLE_MODULES = YES;
				CLANG_ENABLE_OBJC_ARC = YES;
				CLANG_ENABLE_OBJC_WEAK = YES;
				CLANG_WARN_BLOCK_CAPTURE_AUTORELEASING = YES;
				CLANG_WARN_BOOL_CONVERSION = YES;
				CLANG_WARN_COMMA = YES;
				CLANG_WARN_CONSTANT_CONVERSION = YES;
				CLANG_WARN_DEPRECATED_OBJC_IMPLEMENTATIONS = YES;
				CLANG_WARN_DIRECT_OBJC_ISA_USAGE = YES_ERROR;
				CLANG_WARN_DOCUMENTATION_COMMENTS = YES;
				CLANG_WARN_EMPTY_BODY = YES;
				CLANG_WARN_ENUM_CONVERSION = YES;
				CLANG_WARN_INFINITE_RECURSION = YES;
				CLANG_WARN_INT_CONVERSION = YES;
				CLANG_WARN_NON_LITERAL_NULL_CONVERSION = YES;
				CLANG_WARN_OBJC_IMPLICIT_RETAIN_SELF = YES;
				CLANG_WARN_OBJC_LITERAL_CONVERSION = YES;
				CLANG_WARN_OBJC_ROOT_CLASS = YES_ERROR;
				CLANG_WARN_RANGE_LOOP_ANALYSIS = YES;
				CLANG_WARN_STRICT_PROTOTYPES = YES;
				CLANG_WARN_SUSPICIOUS_MOVE = YES;
				CLANG_WARN_UNGUARDED_AVAILABILITY = YES_AGGRESSIVE;
				CLANG_WARN_UNREACHABLE_CODE = YES;
				CLANG_WARN__DUPLICATE_METHOD_MATCH = YES;
				COPY_PHASE_STRIP = NO;
				DEBUG_INFORMATION_FORMAT = "dwarf-with-dsym";
				ENABLE_NS_ASSERTIONS = NO;
				ENABLE_STRICT_OBJC_MSGSEND = YES;
				GCC_C_LANGUAGE_STANDARD = gnu11;
				GCC_NO_COMMON_BLOCKS = YES;
				GCC_WARN_64_TO_32_BIT_CONVERSION = YES;
				GCC_WARN_ABOUT_RETURN_TYPE = YES_ERROR;
				GCC_WARN_UNDECLARED_SELECTOR = YES;
				GCC_WARN_UNINITIALIZED_AUTOS = YES_AGGRESSIVE;
				GCC_WARN_UNUSED_FUNCTION = YES;
				GCC_WARN_UNUSED_VARIABLE = YES;
				IPHONEOS_DEPLOYMENT_TARGET = 13.6;
				MTL_ENABLE_DEBUG_INFO = NO;
				MTL_FAST_MATH = YES;
				SDKROOT = iphoneos;
				SWIFT_COMPILATION_MODE = wholemodule;
				SWIFT_OPTIMIZATION_LEVEL = "-O";
				VALIDATE_PRODUCT = YES;
			};
			name = Release;
		};
		3A9605DB24C9FFD1003461E2 /* Debug */ = {
			isa = XCBuildConfiguration;
			buildSettings = {
				ASSETCATALOG_COMPILER_APPICON_NAME = AppIcon;
				CODE_SIGN_STYLE = Automatic;
				DEVELOPMENT_ASSET_PATHS = "\"CustomColorView/Preview Content\"";
				ENABLE_PREVIEWS = YES;
				INFOPLIST_FILE = CustomColorView/Info.plist;
				LD_RUNPATH_SEARCH_PATHS = (
					"$(inherited)",
					"@executable_path/Frameworks",
				);
				PRODUCT_BUNDLE_IDENTIFIER = AntonBu.CustomColorView;
				PRODUCT_NAME = "$(TARGET_NAME)";
				SWIFT_VERSION = 5.0;
				TARGETED_DEVICE_FAMILY = "1,2";
			};
			name = Debug;
		};
		3A9605DC24C9FFD1003461E2 /* Release */ = {
			isa = XCBuildConfiguration;
			buildSettings = {
				ASSETCATALOG_COMPILER_APPICON_NAME = AppIcon;
				CODE_SIGN_STYLE = Automatic;
				DEVELOPMENT_ASSET_PATHS = "\"CustomColorView/Preview Content\"";
				ENABLE_PREVIEWS = YES;
				INFOPLIST_FILE = CustomColorView/Info.plist;
				LD_RUNPATH_SEARCH_PATHS = (
					"$(inherited)",
					"@executable_path/Frameworks",
				);
				PRODUCT_BUNDLE_IDENTIFIER = AntonBu.CustomColorView;
				PRODUCT_NAME = "$(TARGET_NAME)";
				SWIFT_VERSION = 5.0;
				TARGETED_DEVICE_FAMILY = "1,2";
			};
			name = Release;
		};
/* End XCBuildConfiguration section */

/* Begin XCConfigurationList section */
		3A9605C124C9FFD0003461E2 /* Build configuration list for PBXProject "CustomColorView" */ = {
			isa = XCConfigurationList;
			buildConfigurations = (
				3A9605D824C9FFD1003461E2 /* Debug */,
				3A9605D924C9FFD1003461E2 /* Release */,
			);
			defaultConfigurationIsVisible = 0;
			defaultConfigurationName = Release;
		};
		3A9605DA24C9FFD1003461E2 /* Build configuration list for PBXNativeTarget "CustomColorView" */ = {
			isa = XCConfigurationList;
			buildConfigurations = (
				3A9605DB24C9FFD1003461E2 /* Debug */,
				3A9605DC24C9FFD1003461E2 /* Release */,
			);
			defaultConfigurationIsVisible = 0;
			defaultConfigurationName = Release;
		};
/* End XCConfigurationList section */
	};
	rootObject = 3A9605BE24C9FFD0003461E2 /* Project object */;
}
